<?xml version="1.0" encoding="utf-8"?>
<Project ToolsVersion="4.0" xmlns="http://schemas.microsoft.com/developer/msbuild/2003">
  <ItemGroup>
    <ClCompile Include="dllmain.cpp" />
    <ClCompile Include="SDK\Plugins\API Definitions\APIDefs.cpp">
      <Filter>YYTK</Filter>
    </ClCompile>
    <ClCompile Include="SDK\Structures\Documented\CDynamicArray\CDynamicArray.cpp">
      <Filter>YYTK</Filter>
    </ClCompile>
    <ClCompile Include="SDK\Plugins\Plugins.cpp">
      <Filter>YYTK</Filter>
    </ClCompile>
    <ClCompile Include="SDK\Structures\Documented\RefThing\RefThing.cpp">
      <Filter>YYTK</Filter>
    </ClCompile>
    <ClCompile Include="SDK\Structures\Documented\YYRValue\YYRValue.cpp">
      <Filter>YYTK</Filter>
    </ClCompile>
  </ItemGroup>
  <ItemGroup>
    <ClInclude Include="MyHelper.h" />
    <ClInclude Include="SDK\Plugins\API Definitions\APIDefs.hpp">
      <Filter>YYTK</Filter>
    </ClInclude>
    <ClInclude Include="SDK\Structures\Documented\APIVars\APIVars.hpp">
      <Filter>YYTK</Filter>
    </ClInclude>
    <ClInclude Include="SDK\Structures\Documented\CCode\CCode.hpp">
      <Filter>YYTK</Filter>
    </ClInclude>
    <ClInclude Include="SDK\Structures\Documented\CDynamicArray\CDynamicArray.hpp">
      <Filter>YYTK</Filter>
    </ClInclude>
    <ClInclude Include="SDK\Structures\Documented\CHashMap\CHashMap.hpp">
      <Filter>YYTK</Filter>
    </ClInclude>
    <ClInclude Include="SDK\Structures\Undocumented\CScript\CScript.hpp">
      <Filter>YYTK</Filter>
    </ClInclude>
    <ClInclude Include="SDK\Enums\Enums.hpp">
      <Filter>YYTK</Filter>
    </ClInclude>
    <ClInclude Include="SDK\Structures\Documented\FunctionInfo\FunctionInfo.hpp">
      <Filter>YYTK</Filter>
    </ClInclude>
    <ClInclude Include="SDK\FwdDecls\FwdDecls.hpp">
      <Filter>YYTK</Filter>
    </ClInclude>
    <ClInclude Include="SDK\Structures\Documented\Math\Math.hpp">
      <Filter>YYTK</Filter>
    </ClInclude>
    <ClInclude Include="SDK\Plugins\Plugins.hpp">
      <Filter>YYTK</Filter>
    </ClInclude>
    <ClInclude Include="SDK\Structures\Documented\RefThing\RefThing.hpp">
      <Filter>YYTK</Filter>
    </ClInclude>
    <ClInclude Include="SDK\Structures\Documented\RToken\RToken.hpp">
      <Filter>YYTK</Filter>
    </ClInclude>
    <ClInclude Include="SDK\SDK.hpp">
      <Filter>YYTK</Filter>
    </ClInclude>
    <ClInclude Include="SDK\Structures\Documented\VMBuffer\VMBuffer.hpp">
      <Filter>YYTK</Filter>
    </ClInclude>
    <ClInclude Include="SDK\Structures\Undocumented\VMExec\VMExec.hpp">
      <Filter>YYTK</Filter>
    </ClInclude>
    <ClInclude Include="SDK\Structures\Undocumented\YYGMLFuncs\YYGMLFuncs.hpp">
      <Filter>YYTK</Filter>
    </ClInclude>
    <ClInclude Include="SDK\Structures\Undocumented\YYObjectBase\YYObjectBase.hpp">
      <Filter>YYTK</Filter>
    </ClInclude>
    <ClInclude Include="SDK\Structures\Documented\YYRValue\YYRValue.hpp">
      <Filter>YYTK</Filter>
    </ClInclude>
    <ClInclude Include="SDK\Plugins\YYTKEvent\YYTKEvent.hpp">
      <Filter>YYTK</Filter>
    </ClInclude>
    <ClInclude Include="SDK\Structures\Undocumented\YYVAR\YYVAR.hpp">
      <Filter>YYTK</Filter>
    </ClInclude>
    <ClInclude Include="LHCore.h" />
  </ItemGroup>
  <ItemGroup>
    <Filter Include="YYTK">
      <UniqueIdentifier>{b418483c-1671-4fdb-a7d7-a07e832f6ee1}</UniqueIdentifier>
    </Filter>
  </ItemGroup>
</Project>