
Microsoft Visual Studio Solution File, Format Version 12.00
# Visual Studio Version 16
VisualStudioVersion = 16.0.32228.343
MinimumVisualStudioVersion = 10.0.40219.1
Project("{8BC9CEB8-8B4A-11D0-8D11-00A0C91BC942}") = "LoopHero_ModExample", "LoopHero_ModExample\LoopHero_ModExample.vcxproj", "{31910930-BDD4-4F92-BF37-337E79B5C41E}"
EndProject
Project("{8BC9CEB8-8B4A-11D0-8D11-00A0C91BC942}") = "Native_LoopHeroBorderlessWindow", "Native_LoopHeroBorderlessWindow\Native_LoopHeroBorderlessWindow.vcxproj", "{F17AD7EB-0099-4752-8E10-399ECD9A61C9}"
EndProject
Project("{8BC9CEB8-8B4A-11D0-8D11-00A0C91BC942}") = "Cursorlock", "Cursorlock\Cursorlock.vcxproj", "{94296525-402C-4658-B230-F21D9330C99C}"
EndProject
Global
	GlobalSection(SolutionConfigurationPlatforms) = preSolution
		Debug|x64 = Debug|x64
		Debug|x86 = Debug|x86
		Release|x64 = Release|x64
		Release|x86 = Release|x86
	EndGlobalSection
	GlobalSection(ProjectConfigurationPlatforms) = postSolution
		{31910930-BDD4-4F92-BF37-337E79B5C41E}.Debug|x64.ActiveCfg = Debug|x64
		{31910930-BDD4-4F92-BF37-337E79B5C41E}.Debug|x64.Build.0 = Debug|x64
		{31910930-BDD4-4F92-BF37-337E79B5C41E}.Debug|x86.ActiveCfg = Debug|Win32
		{31910930-BDD4-4F92-BF37-337E79B5C41E}.Debug|x86.Build.0 = Debug|Win32
		{31910930-BDD4-4F92-BF37-337E79B5C41E}.Release|x64.ActiveCfg = Release|x64
		{31910930-BDD4-4F92-BF37-337E79B5C41E}.Release|x64.Build.0 = Release|x64
		{31910930-BDD4-4F92-BF37-337E79B5C41E}.Release|x86.ActiveCfg = Release|Win32
		{31910930-BDD4-4F92-BF37-337E79B5C41E}.Release|x86.Build.0 = Release|Win32
		{F17AD7EB-0099-4752-8E10-399ECD9A61C9}.Debug|x64.ActiveCfg = Debug|x64
		{F17AD7EB-0099-4752-8E10-399ECD9A61C9}.Debug|x64.Build.0 = Debug|x64
		{F17AD7EB-0099-4752-8E10-399ECD9A61C9}.Debug|x86.ActiveCfg = Debug|Win32
		{F17AD7EB-0099-4752-8E10-399ECD9A61C9}.Debug|x86.Build.0 = Debug|Win32
		{F17AD7EB-0099-4752-8E10-399ECD9A61C9}.Release|x64.ActiveCfg = Release|x64
		{F17AD7EB-0099-4752-8E10-399ECD9A61C9}.Release|x64.Build.0 = Release|x64
		{F17AD7EB-0099-4752-8E10-399ECD9A61C9}.Release|x86.ActiveCfg = Release|Win32
		{F17AD7EB-0099-4752-8E10-399ECD9A61C9}.Release|x86.Build.0 = Release|Win32
		{94296525-402C-4658-B230-F21D9330C99C}.Debug|x64.ActiveCfg = Debug|x64
		{94296525-402C-4658-B230-F21D9330C99C}.Debug|x64.Build.0 = Debug|x64
		{94296525-402C-4658-B230-F21D9330C99C}.Debug|x86.ActiveCfg = Debug|Win32
		{94296525-402C-4658-B230-F21D9330C99C}.Debug|x86.Build.0 = Debug|Win32
		{94296525-402C-4658-B230-F21D9330C99C}.Release|x64.ActiveCfg = Release|x64
		{94296525-402C-4658-B230-F21D9330C99C}.Release|x64.Build.0 = Release|x64
		{94296525-402C-4658-B230-F21D9330C99C}.Release|x86.ActiveCfg = Release|Win32
		{94296525-402C-4658-B230-F21D9330C99C}.Release|x86.Build.0 = Release|Win32
	EndGlobalSection
	GlobalSection(SolutionProperties) = preSolution
		HideSolutionNode = FALSE
	EndGlobalSection
	GlobalSection(ExtensibilityGlobals) = postSolution
		SolutionGuid = {BA08FF44-59B1-4458-8FF2-5A8AD95C6539}
	EndGlobalSection
EndGlobal
